// !$*UTF8*$!
{
	archiveVersion = 1;
	classes = {
	};
	objectVersion = 55;
	objects = {

/* Begin PBXBuildFile section */
		10444D89278B4D350087EF3A /* CoreNetwork.framework in Frameworks */ = {isa = PBXBuildFile; fileRef = 10444D80278B4D340087EF3A /* CoreNetwork.framework */; };
		10444D8E278B4D350087EF3A /* CoreNetworkTests.swift in Sources */ = {isa = PBXBuildFile; fileRef = 10444D8D278B4D350087EF3A /* CoreNetworkTests.swift */; };
		10444D8F278B4D350087EF3A /* CoreNetwork.h in Headers */ = {isa = PBXBuildFile; fileRef = 10444D83278B4D340087EF3A /* CoreNetwork.h */; settings = {ATTRIBUTES = (Public, ); }; };
		10444DBC278B4EE30087EF3A /* PokemonDetails.swift in Sources */ = {isa = PBXBuildFile; fileRef = 10444DBA278B4EE30087EF3A /* PokemonDetails.swift */; };
		10444DBD278B4EE30087EF3A /* PokemonResponse.swift in Sources */ = {isa = PBXBuildFile; fileRef = 10444DBB278B4EE30087EF3A /* PokemonResponse.swift */; };
		10444DC0278B4F010087EF3A /* NetworkServices.swift in Sources */ = {isa = PBXBuildFile; fileRef = 10444DBE278B4F010087EF3A /* NetworkServices.swift */; };
		10444DC1278B4F010087EF3A /* Networkable.swift in Sources */ = {isa = PBXBuildFile; fileRef = 10444DBF278B4F010087EF3A /* Networkable.swift */; };
		10444DC6278B4F160087EF3A /* Requestable.swift in Sources */ = {isa = PBXBuildFile; fileRef = 10444DC2278B4F150087EF3A /* Requestable.swift */; };
		10444DC7278B4F160087EF3A /* HttpMethods.swift in Sources */ = {isa = PBXBuildFile; fileRef = 10444DC3278B4F150087EF3A /* HttpMethods.swift */; };
		10444DC8278B4F160087EF3A /* APIsError.swift in Sources */ = {isa = PBXBuildFile; fileRef = 10444DC4278B4F160087EF3A /* APIsError.swift */; };
		10444DC9278B4F160087EF3A /* NetworkServiceCore.swift in Sources */ = {isa = PBXBuildFile; fileRef = 10444DC5278B4F160087EF3A /* NetworkServiceCore.swift */; };
/* End PBXBuildFile section */

/* Begin PBXContainerItemProxy section */
		10444D8A278B4D350087EF3A /* PBXContainerItemProxy */ = {
			isa = PBXContainerItemProxy;
			containerPortal = 10444D77278B4D340087EF3A /* Project object */;
			proxyType = 1;
			remoteGlobalIDString = 10444D7F278B4D340087EF3A;
			remoteInfo = CoreNetwork;
		};
/* End PBXContainerItemProxy section */

/* Begin PBXFileReference section */
		10444D80278B4D340087EF3A /* CoreNetwork.framework */ = {isa = PBXFileReference; explicitFileType = wrapper.framework; includeInIndex = 0; path = CoreNetwork.framework; sourceTree = BUILT_PRODUCTS_DIR; };
		10444D83278B4D340087EF3A /* CoreNetwork.h */ = {isa = PBXFileReference; lastKnownFileType = sourcecode.c.h; path = CoreNetwork.h; sourceTree = "<group>"; };
		10444D88278B4D350087EF3A /* CoreNetworkTests.xctest */ = {isa = PBXFileReference; explicitFileType = wrapper.cfbundle; includeInIndex = 0; path = CoreNetworkTests.xctest; sourceTree = BUILT_PRODUCTS_DIR; };
		10444D8D278B4D350087EF3A /* CoreNetworkTests.swift */ = {isa = PBXFileReference; lastKnownFileType = sourcecode.swift; path = CoreNetworkTests.swift; sourceTree = "<group>"; };
		10444DBA278B4EE30087EF3A /* PokemonDetails.swift */ = {isa = PBXFileReference; fileEncoding = 4; lastKnownFileType = sourcecode.swift; path = PokemonDetails.swift; sourceTree = "<group>"; };
		10444DBB278B4EE30087EF3A /* PokemonResponse.swift */ = {isa = PBXFileReference; fileEncoding = 4; lastKnownFileType = sourcecode.swift; path = PokemonResponse.swift; sourceTree = "<group>"; };
		10444DBE278B4F010087EF3A /* NetworkServices.swift */ = {isa = PBXFileReference; fileEncoding = 4; lastKnownFileType = sourcecode.swift; path = NetworkServices.swift; sourceTree = "<group>"; };
		10444DBF278B4F010087EF3A /* Networkable.swift */ = {isa = PBXFileReference; fileEncoding = 4; lastKnownFileType = sourcecode.swift; path = Networkable.swift; sourceTree = "<group>"; };
		10444DC2278B4F150087EF3A /* Requestable.swift */ = {isa = PBXFileReference; fileEncoding = 4; lastKnownFileType = sourcecode.swift; path = Requestable.swift; sourceTree = "<group>"; };
		10444DC3278B4F150087EF3A /* HttpMethods.swift */ = {isa = PBXFileReference; fileEncoding = 4; lastKnownFileType = sourcecode.swift; path = HttpMethods.swift; sourceTree = "<group>"; };
		10444DC4278B4F160087EF3A /* APIsError.swift */ = {isa = PBXFileReference; fileEncoding = 4; lastKnownFileType = sourcecode.swift; path = APIsError.swift; sourceTree = "<group>"; };
		10444DC5278B4F160087EF3A /* NetworkServiceCore.swift */ = {isa = PBXFileReference; fileEncoding = 4; lastKnownFileType = sourcecode.swift; path = NetworkServiceCore.swift; sourceTree = "<group>"; };
/* End PBXFileReference section */

/* Begin PBXFrameworksBuildPhase section */
		10444D7D278B4D340087EF3A /* Frameworks */ = {
			isa = PBXFrameworksBuildPhase;
			buildActionMask = 2147483647;
			files = (
			);
			runOnlyForDeploymentPostprocessing = 0;
		};
		10444D85278B4D350087EF3A /* Frameworks */ = {
			isa = PBXFrameworksBuildPhase;
			buildActionMask = 2147483647;
			files = (
				10444D89278B4D350087EF3A /* CoreNetwork.framework in Frameworks */,
			);
			runOnlyForDeploymentPostprocessing = 0;
		};
/* End PBXFrameworksBuildPhase section */

/* Begin PBXGroup section */
		10444D76278B4D340087EF3A = {
			isa = PBXGroup;
			children = (
				10444D82278B4D340087EF3A /* CoreNetwork */,
				10444D8C278B4D350087EF3A /* CoreNetworkTests */,
				10444D81278B4D340087EF3A /* Products */,
			);
			sourceTree = "<group>";
		};
		10444D81278B4D340087EF3A /* Products */ = {
			isa = PBXGroup;
			children = (
				10444D80278B4D340087EF3A /* CoreNetwork.framework */,
				10444D88278B4D350087EF3A /* CoreNetworkTests.xctest */,
			);
			name = Products;
			sourceTree = "<group>";
		};
		10444D82278B4D340087EF3A /* CoreNetwork */ = {
			isa = PBXGroup;
			children = (
				10444DB7278B4DF80087EF3A /* Network */,
				10444D83278B4D340087EF3A /* CoreNetwork.h */,
			);
			path = CoreNetwork;
			sourceTree = "<group>";
		};
		10444D8C278B4D350087EF3A /* CoreNetworkTests */ = {
			isa = PBXGroup;
			children = (
				10444D8D278B4D350087EF3A /* CoreNetworkTests.swift */,
			);
			path = CoreNetworkTests;
			sourceTree = "<group>";
		};
		10444DB7278B4DF80087EF3A /* Network */ = {
			isa = PBXGroup;
			children = (
				10444DC4278B4F160087EF3A /* APIsError.swift */,
				10444DC3278B4F150087EF3A /* HttpMethods.swift */,
				10444DC5278B4F160087EF3A /* NetworkServiceCore.swift */,
				10444DC2278B4F150087EF3A /* Requestable.swift */,
				10444DB8278B4DF80087EF3A /* Models */,
				10444DB9278B4DF80087EF3A /* Protocols */,
			);
			path = Network;
			sourceTree = "<group>";
		};
		10444DB8278B4DF80087EF3A /* Models */ = {
			isa = PBXGroup;
			children = (
				10444DBA278B4EE30087EF3A /* PokemonDetails.swift */,
				10444DBB278B4EE30087EF3A /* PokemonResponse.swift */,
			);
			path = Models;
			sourceTree = "<group>";
		};
		10444DB9278B4DF80087EF3A /* Protocols */ = {
			isa = PBXGroup;
			children = (
				10444DBF278B4F010087EF3A /* Networkable.swift */,
				10444DBE278B4F010087EF3A /* NetworkServices.swift */,
			);
			path = Protocols;
			sourceTree = "<group>";
		};
/* End PBXGroup section */

/* Begin PBXHeadersBuildPhase section */
		10444D7B278B4D340087EF3A /* Headers */ = {
			isa = PBXHeadersBuildPhase;
			buildActionMask = 2147483647;
			files = (
				10444D8F278B4D350087EF3A /* CoreNetwork.h in Headers */,
			);
			runOnlyForDeploymentPostprocessing = 0;
		};
/* End PBXHeadersBuildPhase section */

/* Begin PBXNativeTarget section */
		10444D7F278B4D340087EF3A /* CoreNetwork */ = {
			isa = PBXNativeTarget;
			buildConfigurationList = 10444D92278B4D350087EF3A /* Build configuration list for PBXNativeTarget "CoreNetwork" */;
			buildPhases = (
				10444D7B278B4D340087EF3A /* Headers */,
				10444D7C278B4D340087EF3A /* Sources */,
				10444D7D278B4D340087EF3A /* Frameworks */,
				10444D7E278B4D340087EF3A /* Resources */,
			);
			buildRules = (
			);
			dependencies = (
			);
			name = CoreNetwork;
			productName = CoreNetwork;
			productReference = 10444D80278B4D340087EF3A /* CoreNetwork.framework */;
			productType = "com.apple.product-type.framework";
		};
		10444D87278B4D350087EF3A /* CoreNetworkTests */ = {
			isa = PBXNativeTarget;
			buildConfigurationList = 10444D95278B4D350087EF3A /* Build configuration list for PBXNativeTarget "CoreNetworkTests" */;
			buildPhases = (
				10444D84278B4D350087EF3A /* Sources */,
				10444D85278B4D350087EF3A /* Frameworks */,
				10444D86278B4D350087EF3A /* Resources */,
			);
			buildRules = (
			);
			dependencies = (
				10444D8B278B4D350087EF3A /* PBXTargetDependency */,
			);
			name = CoreNetworkTests;
			productName = CoreNetworkTests;
			productReference = 10444D88278B4D350087EF3A /* CoreNetworkTests.xctest */;
			productType = "com.apple.product-type.bundle.unit-test";
		};
/* End PBXNativeTarget section */

/* Begin PBXProject section */
		10444D77278B4D340087EF3A /* Project object */ = {
			isa = PBXProject;
			attributes = {
				BuildIndependentTargetsInParallel = 1;
				LastSwiftUpdateCheck = 1310;
				LastUpgradeCheck = 1310;
				TargetAttributes = {
					10444D7F278B4D340087EF3A = {
						CreatedOnToolsVersion = 13.1;
						LastSwiftMigration = 1310;
					};
					10444D87278B4D350087EF3A = {
						CreatedOnToolsVersion = 13.1;
					};
				};
			};
			buildConfigurationList = 10444D7A278B4D340087EF3A /* Build configuration list for PBXProject "CoreNetwork" */;
			compatibilityVersion = "Xcode 13.0";
			developmentRegion = en;
			hasScannedForEncodings = 0;
			knownRegions = (
				en,
				Base,
			);
			mainGroup = 10444D76278B4D340087EF3A;
			productRefGroup = 10444D81278B4D340087EF3A /* Products */;
			projectDirPath = "";
			projectRoot = "";
			targets = (
				10444D7F278B4D340087EF3A /* CoreNetwork */,
				10444D87278B4D350087EF3A /* CoreNetworkTests */,
			);
		};
/* End PBXProject section */

/* Begin PBXResourcesBuildPhase section */
		10444D7E278B4D340087EF3A /* Resources */ = {
			isa = PBXResourcesBuildPhase;
			buildActionMask = 2147483647;
			files = (
			);
			runOnlyForDeploymentPostprocessing = 0;
		};
		10444D86278B4D350087EF3A /* Resources */ = {
			isa = PBXResourcesBuildPhase;
			buildActionMask = 2147483647;
			files = (
			);
			runOnlyForDeploymentPostprocessing = 0;
		};
/* End PBXResourcesBuildPhase section */

/* Begin PBXSourcesBuildPhase section */
		10444D7C278B4D340087EF3A /* Sources */ = {
			isa = PBXSourcesBuildPhase;
			buildActionMask = 2147483647;
			files = (
				10444DC6278B4F160087EF3A /* Requestable.swift in Sources */,
				10444DC0278B4F010087EF3A /* NetworkServices.swift in Sources */,
				10444DC7278B4F160087EF3A /* HttpMethods.swift in Sources */,
				10444DBD278B4EE30087EF3A /* PokemonResponse.swift in Sources */,
				10444DC8278B4F160087EF3A /* APIsError.swift in Sources */,
				10444DC1278B4F010087EF3A /* Networkable.swift in Sources */,
				10444DBC278B4EE30087EF3A /* PokemonDetails.swift in Sources */,
				10444DC9278B4F160087EF3A /* NetworkServiceCore.swift in Sources */,
			);
			runOnlyForDeploymentPostprocessing = 0;
		};
		10444D84278B4D350087EF3A /* Sources */ = {
			isa = PBXSourcesBuildPhase;
			buildActionMask = 2147483647;
			files = (
				10444D8E278B4D350087EF3A /* CoreNetworkTests.swift in Sources */,
			);
			runOnlyForDeploymentPostprocessing = 0;
		};
/* End PBXSourcesBuildPhase section */

/* Begin PBXTargetDependency section */
		10444D8B278B4D350087EF3A /* PBXTargetDependency */ = {
			isa = PBXTargetDependency;
			target = 10444D7F278B4D340087EF3A /* CoreNetwork */;
			targetProxy = 10444D8A278B4D350087EF3A /* PBXContainerItemProxy */;
		};
/* End PBXTargetDependency section */

/* Begin XCBuildConfiguration section */
		10444D90278B4D350087EF3A /* Debug */ = {
			isa = XCBuildConfiguration;
			buildSettings = {
				ALWAYS_SEARCH_USER_PATHS = NO;
				CLANG_ANALYZER_NONNULL = YES;
				CLANG_ANALYZER_NUMBER_OBJECT_CONVERSION = YES_AGGRESSIVE;
				CLANG_CXX_LANGUAGE_STANDARD = "gnu++17";
				CLANG_CXX_LIBRARY = "libc++";
				CLANG_ENABLE_MODULES = YES;
				CLANG_ENABLE_OBJC_ARC = YES;
				CLANG_ENABLE_OBJC_WEAK = YES;
				CLANG_WARN_BLOCK_CAPTURE_AUTORELEASING = YES;
				CLANG_WARN_BOOL_CONVERSION = YES;
				CLANG_WARN_COMMA = YES;
				CLANG_WARN_CONSTANT_CONVERSION = YES;
				CLANG_WARN_DEPRECATED_OBJC_IMPLEMENTATIONS = YES;
				CLANG_WARN_DIRECT_OBJC_ISA_USAGE = YES_ERROR;
				CLANG_WARN_DOCUMENTATION_COMMENTS = YES;
				CLANG_WARN_EMPTY_BODY = YES;
				CLANG_WARN_ENUM_CONVERSION = YES;
				CLANG_WARN_INFINITE_RECURSION = YES;
				CLANG_WARN_INT_CONVERSION = YES;
				CLANG_WARN_NON_LITERAL_NULL_CONVERSION = YES;
				CLANG_WARN_OBJC_IMPLICIT_RETAIN_SELF = YES;
				CLANG_WARN_OBJC_LITERAL_CONVERSION = YES;
				CLANG_WARN_OBJC_ROOT_CLASS = YES_ERROR;
				CLANG_WARN_QUOTED_INCLUDE_IN_FRAMEWORK_HEADER = YES;
				CLANG_WARN_RANGE_LOOP_ANALYSIS = YES;
				CLANG_WARN_STRICT_PROTOTYPES = YES;
				CLANG_WARN_SUSPICIOUS_MOVE = YES;
				CLANG_WARN_UNGUARDED_AVAILABILITY = YES_AGGRESSIVE;
				CLANG_WARN_UNREACHABLE_CODE = YES;
				CLANG_WARN__DUPLICATE_METHOD_MATCH = YES;
				COPY_PHASE_STRIP = NO;
				CURRENT_PROJECT_VERSION = 1;
				DEBUG_INFORMATION_FORMAT = dwarf;
				ENABLE_STRICT_OBJC_MSGSEND = YES;
				ENABLE_TESTABILITY = YES;
				GCC_C_LANGUAGE_STANDARD = gnu11;
				GCC_DYNAMIC_NO_PIC = NO;
				GCC_NO_COMMON_BLOCKS = YES;
				GCC_OPTIMIZATION_LEVEL = 0;
				GCC_PREPROCESSOR_DEFINITIONS = (
					"DEBUG=1",
					"$(inherited)",
				);
				GCC_WARN_64_TO_32_BIT_CONVERSION = YES;
				GCC_WARN_ABOUT_RETURN_TYPE = YES_ERROR;
				GCC_WARN_UNDECLARED_SELECTOR = YES;
				GCC_WARN_UNINITIALIZED_AUTOS = YES_AGGRESSIVE;
				GCC_WARN_UNUSED_FUNCTION = YES;
				GCC_WARN_UNUSED_VARIABLE = YES;
				IPHONEOS_DEPLOYMENT_TARGET = 11.0;
				MTL_ENABLE_DEBUG_INFO = INCLUDE_SOURCE;
				MTL_FAST_MATH = YES;
				ONLY_ACTIVE_ARCH = YES;
				SDKROOT = iphoneos;
				SWIFT_ACTIVE_COMPILATION_CONDITIONS = DEBUG;
				SWIFT_OPTIMIZATION_LEVEL = "-Onone";
				VERSIONING_SYSTEM = "apple-generic";
				VERSION_INFO_PREFIX = "";
			};
			name = Debug;
		};
		10444D91278B4D350087EF3A /* Release */ = {
			isa = XCBuildConfiguration;
			buildSettings = {
				ALWAYS_SEARCH_USER_PATHS = NO;
				CLANG_ANALYZER_NONNULL = YES;
				CLANG_ANALYZER_NUMBER_OBJECT_CONVERSION = YES_AGGRESSIVE;
				CLANG_CXX_LANGUAGE_STANDARD = "gnu++17";
				CLANG_CXX_LIBRARY = "libc++";
				CLANG_ENABLE_MODULES = YES;
				CLANG_ENABLE_OBJC_ARC = YES;
				CLANG_ENABLE_OBJC_WEAK = YES;
				CLANG_WARN_BLOCK_CAPTURE_AUTORELEASING = YES;
				CLANG_WARN_BOOL_CONVERSION = YES;
				CLANG_WARN_COMMA = YES;
				CLANG_WARN_CONSTANT_CONVERSION = YES;
				CLANG_WARN_DEPRECATED_OBJC_IMPLEMENTATIONS = YES;
				CLANG_WARN_DIRECT_OBJC_ISA_USAGE = YES_ERROR;
				CLANG_WARN_DOCUMENTATION_COMMENTS = YES;
				CLANG_WARN_EMPTY_BODY = YES;
				CLANG_WARN_ENUM_CONVERSION = YES;
				CLANG_WARN_INFINITE_RECURSION = YES;
				CLANG_WARN_INT_CONVERSION = YES;
				CLANG_WARN_NON_LITERAL_NULL_CONVERSION = YES;
				CLANG_WARN_OBJC_IMPLICIT_RETAIN_SELF = YES;
				CLANG_WARN_OBJC_LITERAL_CONVERSION = YES;
				CLANG_WARN_OBJC_ROOT_CLASS = YES_ERROR;
				CLANG_WARN_QUOTED_INCLUDE_IN_FRAMEWORK_HEADER = YES;
				CLANG_WARN_RANGE_LOOP_ANALYSIS = YES;
				CLANG_WARN_STRICT_PROTOTYPES = YES;
				CLANG_WARN_SUSPICIOUS_MOVE = YES;
				CLANG_WARN_UNGUARDED_AVAILABILITY = YES_AGGRESSIVE;
				CLANG_WARN_UNREACHABLE_CODE = YES;
				CLANG_WARN__DUPLICATE_METHOD_MATCH = YES;
				COPY_PHASE_STRIP = NO;
				CURRENT_PROJECT_VERSION = 1;
				DEBUG_INFORMATION_FORMAT = "dwarf-with-dsym";
				ENABLE_NS_ASSERTIONS = NO;
				ENABLE_STRICT_OBJC_MSGSEND = YES;
				GCC_C_LANGUAGE_STANDARD = gnu11;
				GCC_NO_COMMON_BLOCKS = YES;
				GCC_WARN_64_TO_32_BIT_CONVERSION = YES;
				GCC_WARN_ABOUT_RETURN_TYPE = YES_ERROR;
				GCC_WARN_UNDECLARED_SELECTOR = YES;
				GCC_WARN_UNINITIALIZED_AUTOS = YES_AGGRESSIVE;
				GCC_WARN_UNUSED_FUNCTION = YES;
				GCC_WARN_UNUSED_VARIABLE = YES;
				IPHONEOS_DEPLOYMENT_TARGET = 11.0;
				MTL_ENABLE_DEBUG_INFO = NO;
				MTL_FAST_MATH = YES;
				SDKROOT = iphoneos;
				SWIFT_COMPILATION_MODE = wholemodule;
				SWIFT_OPTIMIZATION_LEVEL = "-O";
				VALIDATE_PRODUCT = YES;
				VERSIONING_SYSTEM = "apple-generic";
				VERSION_INFO_PREFIX = "";
			};
			name = Release;
		};
		10444D93278B4D350087EF3A /* Debug */ = {
			isa = XCBuildConfiguration;
			buildSettings = {
				CLANG_ENABLE_MODULES = YES;
				CODE_SIGN_STYLE = Automatic;
				CURRENT_PROJECT_VERSION = 1;
				DEFINES_MODULE = YES;
				DEVELOPMENT_TEAM = 877TVCMM54;
				DYLIB_COMPATIBILITY_VERSION = 1;
				DYLIB_CURRENT_VERSION = 1;
				DYLIB_INSTALL_NAME_BASE = "@rpath";
				GENERATE_INFOPLIST_FILE = YES;
				INFOPLIST_KEY_NSHumanReadableCopyright = "";
				INSTALL_PATH = "$(LOCAL_LIBRARY_DIR)/Frameworks";
				LD_RUNPATH_SEARCH_PATHS = (
					"$(inherited)",
					"@executable_path/Frameworks",
					"@loader_path/Frameworks",
				);
				MARKETING_VERSION = 1.0;
				PRODUCT_BUNDLE_IDENTIFIER = com.emmanuele.CoreNetwork;
				PRODUCT_NAME = "$(TARGET_NAME:c99extidentifier)";
				SKIP_INSTALL = YES;
				SUPPORTS_MACCATALYST = NO;
				SWIFT_EMIT_LOC_STRINGS = YES;
				SWIFT_OPTIMIZATION_LEVEL = "-Onone";
				SWIFT_VERSION = 5.0;
				TARGETED_DEVICE_FAMILY = "1,2";
			};
			name = Debug;
		};
		10444D94278B4D350087EF3A /* Release */ = {
			isa = XCBuildConfiguration;
			buildSettings = {
				CLANG_ENABLE_MODULES = YES;
				CODE_SIGN_STYLE = Automatic;
				CURRENT_PROJECT_VERSION = 1;
				DEFINES_MODULE = YES;
				DEVELOPMENT_TEAM = 877TVCMM54;
				DYLIB_COMPATIBILITY_VERSION = 1;
				DYLIB_CURRENT_VERSION = 1;
				DYLIB_INSTALL_NAME_BASE = "@rpath";
				GENERATE_INFOPLIST_FILE = YES;
				INFOPLIST_KEY_NSHumanReadableCopyright = "";
				INSTALL_PATH = "$(LOCAL_LIBRARY_DIR)/Frameworks";
				LD_RUNPATH_SEARCH_PATHS = (
					"$(inherited)",
					"@executable_path/Frameworks",
					"@loader_path/Frameworks",
				);
				MARKETING_VERSION = 1.0;
				PRODUCT_BUNDLE_IDENTIFIER = com.emmanuele.CoreNetwork;
				PRODUCT_NAME = "$(TARGET_NAME:c99extidentifier)";
				SKIP_INSTALL = YES;
				SUPPORTS_MACCATALYST = NO;
				SWIFT_EMIT_LOC_STRINGS = YES;
				SWIFT_VERSION = 5.0;
				TARGETED_DEVICE_FAMILY = "1,2";
			};
			name = Release;
		};
		10444D96278B4D350087EF3A /* Debug */ = {
			isa = XCBuildConfiguration;
			buildSettings = {
				ALWAYS_EMBED_SWIFT_STANDARD_LIBRARIES = YES;
				CODE_SIGN_STYLE = Automatic;
				CURRENT_PROJECT_VERSION = 1;
				DEVELOPMENT_TEAM = 877TVCMM54;
				GENERATE_INFOPLIST_FILE = YES;
				LD_RUNPATH_SEARCH_PATHS = (
					"$(inherited)",
					"@executable_path/Frameworks",
					"@loader_path/Frameworks",
				);
				MARKETING_VERSION = 1.0;
				PRODUCT_BUNDLE_IDENTIFIER = com.emmanuele.CoreNetworkTests;
				PRODUCT_NAME = "$(TARGET_NAME)";
				SWIFT_EMIT_LOC_STRINGS = NO;
				SWIFT_VERSION = 5.0;
				TARGETED_DEVICE_FAMILY = "1,2";
			};
			name = Debug;
		};
		10444D97278B4D350087EF3A /* Release */ = {
			isa = XCBuildConfiguration;
			buildSettings = {
				ALWAYS_EMBED_SWIFT_STANDARD_LIBRARIES = YES;
				CODE_SIGN_STYLE = Automatic;
				CURRENT_PROJECT_VERSION = 1;
				DEVELOPMENT_TEAM = 877TVCMM54;
				GENERATE_INFOPLIST_FILE = YES;
				LD_RUNPATH_SEARCH_PATHS = (
					"$(inherited)",
					"@executable_path/Frameworks",
					"@loader_path/Frameworks",
				);
				MARKETING_VERSION = 1.0;
				PRODUCT_BUNDLE_IDENTIFIER = com.emmanuele.CoreNetworkTests;
				PRODUCT_NAME = "$(TARGET_NAME)";
				SWIFT_EMIT_LOC_STRINGS = NO;
				SWIFT_VERSION = 5.0;
				TARGETED_DEVICE_FAMILY = "1,2";
			};
			name = Release;
		};
/* End XCBuildConfiguration section */

/* Begin XCConfigurationList section */
		10444D7A278B4D340087EF3A /* Build configuration list for PBXProject "CoreNetwork" */ = {
			isa = XCConfigurationList;
			buildConfigurations = (
				10444D90278B4D350087EF3A /* Debug */,
				10444D91278B4D350087EF3A /* Release */,
			);
			defaultConfigurationIsVisible = 0;
			defaultConfigurationName = Release;
		};
		10444D92278B4D350087EF3A /* Build configuration list for PBXNativeTarget "CoreNetwork" */ = {
			isa = XCConfigurationList;
			buildConfigurations = (
				10444D93278B4D350087EF3A /* Debug */,
				10444D94278B4D350087EF3A /* Release */,
			);
			defaultConfigurationIsVisible = 0;
			defaultConfigurationName = Release;
		};
		10444D95278B4D350087EF3A /* Build configuration list for PBXNativeTarget "CoreNetworkTests" */ = {
			isa = XCConfigurationList;
			buildConfigurations = (
				10444D96278B4D350087EF3A /* Debug */,
				10444D97278B4D350087EF3A /* Release */,
			);
			defaultConfigurationIsVisible = 0;
			defaultConfigurationName = Release;
		};
/* End XCConfigurationList section */
	};
	rootObject = 10444D77278B4D340087EF3A /* Project object */;
}
