// !$*UTF8*$!
{
	archiveVersion = 1;
	classes = {
	};
	objectVersion = 51;
	objects = {

/* Begin PBXBuildFile section */
		1015490B278B88CE00E4AE7A /* PokemonDetailsViewControllerTests.swift in Sources */ = {isa = PBXBuildFile; fileRef = 1015490A278B88CE00E4AE7A /* PokemonDetailsViewControllerTests.swift */; };
		10154912278B9A7600E4AE7A /* CoreNetwork.framework in Frameworks */ = {isa = PBXBuildFile; fileRef = 10154911278B9A7600E4AE7A /* CoreNetwork.framework */; };
		10154913278B9A7600E4AE7A /* CoreNetwork.framework in Embed Frameworks */ = {isa = PBXBuildFile; fileRef = 10154911278B9A7600E4AE7A /* CoreNetwork.framework */; settings = {ATTRIBUTES = (CodeSignOnCopy, RemoveHeadersOnCopy, ); }; };
		10444CF4278B22E20087EF3A /* PokemonListFactory.swift in Sources */ = {isa = PBXBuildFile; fileRef = 10444CF3278B22E20087EF3A /* PokemonListFactory.swift */; };
		10444CF6278B25E60087EF3A /* PokemonDetailsFactory.swift in Sources */ = {isa = PBXBuildFile; fileRef = 10444CF5278B25E60087EF3A /* PokemonDetailsFactory.swift */; };
		10444CF8278B28780087EF3A /* PokemonStatsCollectionViewCell.swift in Sources */ = {isa = PBXBuildFile; fileRef = 10444CF7278B28780087EF3A /* PokemonStatsCollectionViewCell.swift */; };
		10444CFA278B43DE0087EF3A /* PokemonImageCollectionViewCell.swift in Sources */ = {isa = PBXBuildFile; fileRef = 10444CF9278B43DE0087EF3A /* PokemonImageCollectionViewCell.swift */; };
		10444DCC278B77950087EF3A /* PokemonListCellTests.swift in Sources */ = {isa = PBXBuildFile; fileRef = 10444DCB278B77950087EF3A /* PokemonListCellTests.swift */; };
		10444DD0278B78280087EF3A /* UIView.swift in Sources */ = {isa = PBXBuildFile; fileRef = 10444DCF278B78280087EF3A /* UIView.swift */; };
		10444DD2278B78630087EF3A /* ViewError.swift in Sources */ = {isa = PBXBuildFile; fileRef = 10444DD1278B78630087EF3A /* ViewError.swift */; };
		10444DD4278B79E80087EF3A /* PokemonMock.swift in Sources */ = {isa = PBXBuildFile; fileRef = 10444DD3278B79E80087EF3A /* PokemonMock.swift */; };
		10444DD8278B7EE50087EF3A /* PokemonStatsCellTests.swift in Sources */ = {isa = PBXBuildFile; fileRef = 10444DD7278B7EE50087EF3A /* PokemonStatsCellTests.swift */; };
		10444DDC278B80490087EF3A /* EasyStatisticsTests.swift in Sources */ = {isa = PBXBuildFile; fileRef = 10444DDB278B80490087EF3A /* EasyStatisticsTests.swift */; };
		10444DDF278B830B0087EF3A /* PokemonListViewControllerTests.swift in Sources */ = {isa = PBXBuildFile; fileRef = 10444DDE278B830B0087EF3A /* PokemonListViewControllerTests.swift */; };
		107DC65325C35EB4001EACD0 /* PokemonListViewController.swift in Sources */ = {isa = PBXBuildFile; fileRef = 107DC65225C35EB4001EACD0 /* PokemonListViewController.swift */; };
		107DC65B25C35EC4001EACD0 /* PokemonListCoordinator.swift in Sources */ = {isa = PBXBuildFile; fileRef = 107DC65A25C35EC4001EACD0 /* PokemonListCoordinator.swift */; };
		107DC68425C365FF001EACD0 /* UITableViewCell+Extension.swift in Sources */ = {isa = PBXBuildFile; fileRef = 107DC68325C365FF001EACD0 /* UITableViewCell+Extension.swift */; };
		107DC69225C36E38001EACD0 /* UIView+Extension.swift in Sources */ = {isa = PBXBuildFile; fileRef = 107DC69125C36E38001EACD0 /* UIView+Extension.swift */; };
		107DC69725C375FC001EACD0 /* UIViewController+Extension.swift in Sources */ = {isa = PBXBuildFile; fileRef = 107DC69625C375FC001EACD0 /* UIViewController+Extension.swift */; };
		107DC6A225C379A7001EACD0 /* PokemonDetailsCoordinator.swift in Sources */ = {isa = PBXBuildFile; fileRef = 107DC6A125C379A7001EACD0 /* PokemonDetailsCoordinator.swift */; };
		107DC6A725C379B5001EACD0 /* PokemonDetailsViewController.swift in Sources */ = {isa = PBXBuildFile; fileRef = 107DC6A625C379B5001EACD0 /* PokemonDetailsViewController.swift */; };
		107DC6AC25C37F08001EACD0 /* UIColor+Extension.swift in Sources */ = {isa = PBXBuildFile; fileRef = 107DC6AB25C37F08001EACD0 /* UIColor+Extension.swift */; };
		107DC6B125C382DA001EACD0 /* String+Extension.swift in Sources */ = {isa = PBXBuildFile; fileRef = 107DC6B025C382DA001EACD0 /* String+Extension.swift */; };
		107DC6B625C385AF001EACD0 /* UIImage+Extension.swift in Sources */ = {isa = PBXBuildFile; fileRef = 107DC6B525C385AF001EACD0 /* UIImage+Extension.swift */; };
		10A971022789DED70027583B /* CollectionViewDataSource.swift in Sources */ = {isa = PBXBuildFile; fileRef = 10A971012789DED70027583B /* CollectionViewDataSource.swift */; };
		10A971042789E1550027583B /* UICollectionViewCell+Extension.swift in Sources */ = {isa = PBXBuildFile; fileRef = 10A971032789E1550027583B /* UICollectionViewCell+Extension.swift */; };
		10A971072789E3F50027583B /* Navigator.swift in Sources */ = {isa = PBXBuildFile; fileRef = 10A971062789E3F50027583B /* Navigator.swift */; };
		10A9710A2789E4440027583B /* Coordinator.swift in Sources */ = {isa = PBXBuildFile; fileRef = 10A971092789E4440027583B /* Coordinator.swift */; };
		10A9710C2789E6490027583B /* Context.swift in Sources */ = {isa = PBXBuildFile; fileRef = 10A9710B2789E6490027583B /* Context.swift */; };
		10A9710F2789E6900027583B /* Messenger.swift in Sources */ = {isa = PBXBuildFile; fileRef = 10A9710E2789E6900027583B /* Messenger.swift */; };
		10A971112789E7880027583B /* BaseCoordinator.swift in Sources */ = {isa = PBXBuildFile; fileRef = 10A971102789E7880027583B /* BaseCoordinator.swift */; };
		10A971132789E7D90027583B /* Coordinable.swift in Sources */ = {isa = PBXBuildFile; fileRef = 10A971122789E7D90027583B /* Coordinable.swift */; };
		10A971152789E91F0027583B /* BaseViewController.swift in Sources */ = {isa = PBXBuildFile; fileRef = 10A971142789E91F0027583B /* BaseViewController.swift */; };
		10A971172789E9ED0027583B /* StandardNavigator.swift in Sources */ = {isa = PBXBuildFile; fileRef = 10A971162789E9ED0027583B /* StandardNavigator.swift */; };
		10A971192789F7CE0027583B /* StandardMessenger.swift in Sources */ = {isa = PBXBuildFile; fileRef = 10A971182789F7CE0027583B /* StandardMessenger.swift */; };
		10A9711B2789FA730027583B /* ActivityLoader.swift in Sources */ = {isa = PBXBuildFile; fileRef = 10A9711A2789FA730027583B /* ActivityLoader.swift */; };
		10A9711D2789FC5C0027583B /* SystemAlertMessenger.swift in Sources */ = {isa = PBXBuildFile; fileRef = 10A9711C2789FC5C0027583B /* SystemAlertMessenger.swift */; };
		10A9712E278B1DC60027583B /* PokemonDetailsViewControllerDelegate.swift in Sources */ = {isa = PBXBuildFile; fileRef = 10A9712D278B1DC60027583B /* PokemonDetailsViewControllerDelegate.swift */; };
		10A97130278B1DE80027583B /* PokemonListViewControllerDelegate.swift in Sources */ = {isa = PBXBuildFile; fileRef = 10A9712F278B1DE80027583B /* PokemonListViewControllerDelegate.swift */; };
		10A97132278B1E7D0027583B /* PokemonListCollectionViewCell.swift in Sources */ = {isa = PBXBuildFile; fileRef = 10A97131278B1E7D0027583B /* PokemonListCollectionViewCell.swift */; };
		1725021F25C2B6BF006C85C5 /* AppDelegate.swift in Sources */ = {isa = PBXBuildFile; fileRef = 1725021E25C2B6BF006C85C5 /* AppDelegate.swift */; };
		1725022325C2B6BF006C85C5 /* ViewController.swift in Sources */ = {isa = PBXBuildFile; fileRef = 1725022225C2B6BF006C85C5 /* ViewController.swift */; };
		1725022825C2B6C0006C85C5 /* Assets.xcassets in Resources */ = {isa = PBXBuildFile; fileRef = 1725022725C2B6C0006C85C5 /* Assets.xcassets */; };
		1725022B25C2B6C0006C85C5 /* LaunchScreen.storyboard in Resources */ = {isa = PBXBuildFile; fileRef = 1725022925C2B6C0006C85C5 /* LaunchScreen.storyboard */; };
		1725023625C2B6C0006C85C5 /* BuddymonTests.swift in Sources */ = {isa = PBXBuildFile; fileRef = 1725023525C2B6C0006C85C5 /* BuddymonTests.swift */; };
		1725024125C2B6C0006C85C5 /* BuddymonUITests.swift in Sources */ = {isa = PBXBuildFile; fileRef = 1725024025C2B6C0006C85C5 /* BuddymonUITests.swift */; };
		2CBDBE9BC490E71174AB365B /* Pods_BuddymonTests.framework in Frameworks */ = {isa = PBXBuildFile; fileRef = 8041F38CD7014FB686B8653B /* Pods_BuddymonTests.framework */; };
		9C835CEDD4DA6F5CAD43B63E /* Pods_Buddymon_BuddymonUITests.framework in Frameworks */ = {isa = PBXBuildFile; fileRef = 61BA108A2AB76467A2906D6D /* Pods_Buddymon_BuddymonUITests.framework */; };
		E36141054F3E7415EEE8BE72 /* Pods_Buddymon.framework in Frameworks */ = {isa = PBXBuildFile; fileRef = 5C12FBDEE9ED0E6CF95F63B4 /* Pods_Buddymon.framework */; };
/* End PBXBuildFile section */

/* Begin PBXContainerItemProxy section */
		1725023225C2B6C0006C85C5 /* PBXContainerItemProxy */ = {
			isa = PBXContainerItemProxy;
			containerPortal = 1725021325C2B6BF006C85C5 /* Project object */;
			proxyType = 1;
			remoteGlobalIDString = 1725021A25C2B6BF006C85C5;
			remoteInfo = Buddymon;
		};
		1725023D25C2B6C0006C85C5 /* PBXContainerItemProxy */ = {
			isa = PBXContainerItemProxy;
			containerPortal = 1725021325C2B6BF006C85C5 /* Project object */;
			proxyType = 1;
			remoteGlobalIDString = 1725021A25C2B6BF006C85C5;
			remoteInfo = Buddymon;
		};
/* End PBXContainerItemProxy section */

/* Begin PBXCopyFilesBuildPhase section */
		10444DA3278B4D760087EF3A /* Embed Frameworks */ = {
			isa = PBXCopyFilesBuildPhase;
			buildActionMask = 2147483647;
			dstPath = "";
			dstSubfolderSpec = 10;
			files = (
				10154913278B9A7600E4AE7A /* CoreNetwork.framework in Embed Frameworks */,
			);
			name = "Embed Frameworks";
			runOnlyForDeploymentPostprocessing = 0;
		};
/* End PBXCopyFilesBuildPhase section */

/* Begin PBXFileReference section */
		09D416B52EC9248CD31529D2 /* Pods-BuddymonTests.debug.xcconfig */ = {isa = PBXFileReference; includeInIndex = 1; lastKnownFileType = text.xcconfig; name = "Pods-BuddymonTests.debug.xcconfig"; path = "Target Support Files/Pods-BuddymonTests/Pods-BuddymonTests.debug.xcconfig"; sourceTree = "<group>"; };
		1015490A278B88CE00E4AE7A /* PokemonDetailsViewControllerTests.swift */ = {isa = PBXFileReference; lastKnownFileType = sourcecode.swift; path = PokemonDetailsViewControllerTests.swift; sourceTree = "<group>"; };
		10154911278B9A7600E4AE7A /* CoreNetwork.framework */ = {isa = PBXFileReference; explicitFileType = wrapper.framework; path = CoreNetwork.framework; sourceTree = BUILT_PRODUCTS_DIR; };
		10444CF3278B22E20087EF3A /* PokemonListFactory.swift */ = {isa = PBXFileReference; lastKnownFileType = sourcecode.swift; path = PokemonListFactory.swift; sourceTree = "<group>"; };
		10444CF5278B25E60087EF3A /* PokemonDetailsFactory.swift */ = {isa = PBXFileReference; lastKnownFileType = sourcecode.swift; path = PokemonDetailsFactory.swift; sourceTree = "<group>"; };
		10444CF7278B28780087EF3A /* PokemonStatsCollectionViewCell.swift */ = {isa = PBXFileReference; lastKnownFileType = sourcecode.swift; path = PokemonStatsCollectionViewCell.swift; sourceTree = "<group>"; };
		10444CF9278B43DE0087EF3A /* PokemonImageCollectionViewCell.swift */ = {isa = PBXFileReference; lastKnownFileType = sourcecode.swift; path = PokemonImageCollectionViewCell.swift; sourceTree = "<group>"; };
		10444D72278B4AB20087EF3A /* CoreNetwork.framework */ = {isa = PBXFileReference; explicitFileType = wrapper.framework; path = CoreNetwork.framework; sourceTree = BUILT_PRODUCTS_DIR; };
		10444DCB278B77950087EF3A /* PokemonListCellTests.swift */ = {isa = PBXFileReference; lastKnownFileType = sourcecode.swift; path = PokemonListCellTests.swift; sourceTree = "<group>"; };
		10444DCF278B78280087EF3A /* UIView.swift */ = {isa = PBXFileReference; lastKnownFileType = sourcecode.swift; path = UIView.swift; sourceTree = "<group>"; };
		10444DD1278B78630087EF3A /* ViewError.swift */ = {isa = PBXFileReference; lastKnownFileType = sourcecode.swift; path = ViewError.swift; sourceTree = "<group>"; };
		10444DD3278B79E80087EF3A /* PokemonMock.swift */ = {isa = PBXFileReference; lastKnownFileType = sourcecode.swift; path = PokemonMock.swift; sourceTree = "<group>"; };
		10444DD7278B7EE50087EF3A /* PokemonStatsCellTests.swift */ = {isa = PBXFileReference; lastKnownFileType = sourcecode.swift; path = PokemonStatsCellTests.swift; sourceTree = "<group>"; };
		10444DDB278B80490087EF3A /* EasyStatisticsTests.swift */ = {isa = PBXFileReference; lastKnownFileType = sourcecode.swift; path = EasyStatisticsTests.swift; sourceTree = "<group>"; };
		10444DDE278B830B0087EF3A /* PokemonListViewControllerTests.swift */ = {isa = PBXFileReference; lastKnownFileType = sourcecode.swift; path = PokemonListViewControllerTests.swift; sourceTree = "<group>"; };
		107DC65225C35EB4001EACD0 /* PokemonListViewController.swift */ = {isa = PBXFileReference; lastKnownFileType = sourcecode.swift; path = PokemonListViewController.swift; sourceTree = "<group>"; };
		107DC65A25C35EC4001EACD0 /* PokemonListCoordinator.swift */ = {isa = PBXFileReference; lastKnownFileType = sourcecode.swift; path = PokemonListCoordinator.swift; sourceTree = "<group>"; };
		107DC68325C365FF001EACD0 /* UITableViewCell+Extension.swift */ = {isa = PBXFileReference; lastKnownFileType = sourcecode.swift; path = "UITableViewCell+Extension.swift"; sourceTree = "<group>"; };
		107DC69125C36E38001EACD0 /* UIView+Extension.swift */ = {isa = PBXFileReference; lastKnownFileType = sourcecode.swift; path = "UIView+Extension.swift"; sourceTree = "<group>"; };
		107DC69625C375FC001EACD0 /* UIViewController+Extension.swift */ = {isa = PBXFileReference; lastKnownFileType = sourcecode.swift; path = "UIViewController+Extension.swift"; sourceTree = "<group>"; };
		107DC6A125C379A7001EACD0 /* PokemonDetailsCoordinator.swift */ = {isa = PBXFileReference; lastKnownFileType = sourcecode.swift; path = PokemonDetailsCoordinator.swift; sourceTree = "<group>"; };
		107DC6A625C379B5001EACD0 /* PokemonDetailsViewController.swift */ = {isa = PBXFileReference; lastKnownFileType = sourcecode.swift; path = PokemonDetailsViewController.swift; sourceTree = "<group>"; };
		107DC6AB25C37F08001EACD0 /* UIColor+Extension.swift */ = {isa = PBXFileReference; lastKnownFileType = sourcecode.swift; path = "UIColor+Extension.swift"; sourceTree = "<group>"; };
		107DC6B025C382DA001EACD0 /* String+Extension.swift */ = {isa = PBXFileReference; lastKnownFileType = sourcecode.swift; path = "String+Extension.swift"; sourceTree = "<group>"; };
		107DC6B525C385AF001EACD0 /* UIImage+Extension.swift */ = {isa = PBXFileReference; lastKnownFileType = sourcecode.swift; path = "UIImage+Extension.swift"; sourceTree = "<group>"; };
		10A971012789DED70027583B /* CollectionViewDataSource.swift */ = {isa = PBXFileReference; lastKnownFileType = sourcecode.swift; path = CollectionViewDataSource.swift; sourceTree = "<group>"; };
		10A971032789E1550027583B /* UICollectionViewCell+Extension.swift */ = {isa = PBXFileReference; lastKnownFileType = sourcecode.swift; path = "UICollectionViewCell+Extension.swift"; sourceTree = "<group>"; };
		10A971062789E3F50027583B /* Navigator.swift */ = {isa = PBXFileReference; lastKnownFileType = sourcecode.swift; path = Navigator.swift; sourceTree = "<group>"; };
		10A971092789E4440027583B /* Coordinator.swift */ = {isa = PBXFileReference; lastKnownFileType = sourcecode.swift; path = Coordinator.swift; sourceTree = "<group>"; };
		10A9710B2789E6490027583B /* Context.swift */ = {isa = PBXFileReference; lastKnownFileType = sourcecode.swift; path = Context.swift; sourceTree = "<group>"; };
		10A9710E2789E6900027583B /* Messenger.swift */ = {isa = PBXFileReference; lastKnownFileType = sourcecode.swift; path = Messenger.swift; sourceTree = "<group>"; };
		10A971102789E7880027583B /* BaseCoordinator.swift */ = {isa = PBXFileReference; lastKnownFileType = sourcecode.swift; path = BaseCoordinator.swift; sourceTree = "<group>"; };
		10A971122789E7D90027583B /* Coordinable.swift */ = {isa = PBXFileReference; lastKnownFileType = sourcecode.swift; path = Coordinable.swift; sourceTree = "<group>"; };
		10A971142789E91F0027583B /* BaseViewController.swift */ = {isa = PBXFileReference; lastKnownFileType = sourcecode.swift; path = BaseViewController.swift; sourceTree = "<group>"; };
		10A971162789E9ED0027583B /* StandardNavigator.swift */ = {isa = PBXFileReference; lastKnownFileType = sourcecode.swift; path = StandardNavigator.swift; sourceTree = "<group>"; };
		10A971182789F7CE0027583B /* StandardMessenger.swift */ = {isa = PBXFileReference; lastKnownFileType = sourcecode.swift; path = StandardMessenger.swift; sourceTree = "<group>"; };
		10A9711A2789FA730027583B /* ActivityLoader.swift */ = {isa = PBXFileReference; lastKnownFileType = sourcecode.swift; path = ActivityLoader.swift; sourceTree = "<group>"; };
		10A9711C2789FC5C0027583B /* SystemAlertMessenger.swift */ = {isa = PBXFileReference; lastKnownFileType = sourcecode.swift; path = SystemAlertMessenger.swift; sourceTree = "<group>"; };
		10A9712D278B1DC60027583B /* PokemonDetailsViewControllerDelegate.swift */ = {isa = PBXFileReference; lastKnownFileType = sourcecode.swift; path = PokemonDetailsViewControllerDelegate.swift; sourceTree = "<group>"; };
		10A9712F278B1DE80027583B /* PokemonListViewControllerDelegate.swift */ = {isa = PBXFileReference; lastKnownFileType = sourcecode.swift; path = PokemonListViewControllerDelegate.swift; sourceTree = "<group>"; };
		10A97131278B1E7D0027583B /* PokemonListCollectionViewCell.swift */ = {isa = PBXFileReference; lastKnownFileType = sourcecode.swift; path = PokemonListCollectionViewCell.swift; sourceTree = "<group>"; };
		1725021B25C2B6BF006C85C5 /* Buddymon.app */ = {isa = PBXFileReference; explicitFileType = wrapper.application; includeInIndex = 0; path = Buddymon.app; sourceTree = BUILT_PRODUCTS_DIR; };
		1725021E25C2B6BF006C85C5 /* AppDelegate.swift */ = {isa = PBXFileReference; lastKnownFileType = sourcecode.swift; path = AppDelegate.swift; sourceTree = "<group>"; };
		1725022225C2B6BF006C85C5 /* ViewController.swift */ = {isa = PBXFileReference; lastKnownFileType = sourcecode.swift; path = ViewController.swift; sourceTree = "<group>"; };
		1725022725C2B6C0006C85C5 /* Assets.xcassets */ = {isa = PBXFileReference; lastKnownFileType = folder.assetcatalog; name = Assets.xcassets; path = Buddymon/Assets.xcassets; sourceTree = SOURCE_ROOT; };
		1725022A25C2B6C0006C85C5 /* Base */ = {isa = PBXFileReference; lastKnownFileType = file.storyboard; name = Base; path = Base.lproj/LaunchScreen.storyboard; sourceTree = "<group>"; };
		1725022C25C2B6C0006C85C5 /* Info.plist */ = {isa = PBXFileReference; lastKnownFileType = text.plist.xml; path = Info.plist; sourceTree = "<group>"; };
		1725023125C2B6C0006C85C5 /* BuddymonTests.xctest */ = {isa = PBXFileReference; explicitFileType = wrapper.cfbundle; includeInIndex = 0; path = BuddymonTests.xctest; sourceTree = BUILT_PRODUCTS_DIR; };
		1725023525C2B6C0006C85C5 /* BuddymonTests.swift */ = {isa = PBXFileReference; lastKnownFileType = sourcecode.swift; path = BuddymonTests.swift; sourceTree = "<group>"; };
		1725023725C2B6C0006C85C5 /* Info.plist */ = {isa = PBXFileReference; lastKnownFileType = text.plist.xml; path = Info.plist; sourceTree = "<group>"; };
		1725023C25C2B6C0006C85C5 /* BuddymonUITests.xctest */ = {isa = PBXFileReference; explicitFileType = wrapper.cfbundle; includeInIndex = 0; path = BuddymonUITests.xctest; sourceTree = BUILT_PRODUCTS_DIR; };
		1725024025C2B6C0006C85C5 /* BuddymonUITests.swift */ = {isa = PBXFileReference; lastKnownFileType = sourcecode.swift; path = BuddymonUITests.swift; sourceTree = "<group>"; };
		1725024225C2B6C0006C85C5 /* Info.plist */ = {isa = PBXFileReference; lastKnownFileType = text.plist.xml; path = Info.plist; sourceTree = "<group>"; };
		5C12FBDEE9ED0E6CF95F63B4 /* Pods_Buddymon.framework */ = {isa = PBXFileReference; explicitFileType = wrapper.framework; includeInIndex = 0; path = Pods_Buddymon.framework; sourceTree = BUILT_PRODUCTS_DIR; };
		61BA108A2AB76467A2906D6D /* Pods_Buddymon_BuddymonUITests.framework */ = {isa = PBXFileReference; explicitFileType = wrapper.framework; includeInIndex = 0; path = Pods_Buddymon_BuddymonUITests.framework; sourceTree = BUILT_PRODUCTS_DIR; };
		6AA1F2AF5D17CAD9433CCBFB /* Pods-Buddymon.debug.xcconfig */ = {isa = PBXFileReference; includeInIndex = 1; lastKnownFileType = text.xcconfig; name = "Pods-Buddymon.debug.xcconfig"; path = "Target Support Files/Pods-Buddymon/Pods-Buddymon.debug.xcconfig"; sourceTree = "<group>"; };
		8041F38CD7014FB686B8653B /* Pods_BuddymonTests.framework */ = {isa = PBXFileReference; explicitFileType = wrapper.framework; includeInIndex = 0; path = Pods_BuddymonTests.framework; sourceTree = BUILT_PRODUCTS_DIR; };
		86E31EE6D1DDD25A5F8EFB68 /* Pods-Buddymon-BuddymonUITests.release.xcconfig */ = {isa = PBXFileReference; includeInIndex = 1; lastKnownFileType = text.xcconfig; name = "Pods-Buddymon-BuddymonUITests.release.xcconfig"; path = "Target Support Files/Pods-Buddymon-BuddymonUITests/Pods-Buddymon-BuddymonUITests.release.xcconfig"; sourceTree = "<group>"; };
		99B2557AFAB52D8A8DA54CE9 /* Pods-Buddymon.release.xcconfig */ = {isa = PBXFileReference; includeInIndex = 1; lastKnownFileType = text.xcconfig; name = "Pods-Buddymon.release.xcconfig"; path = "Target Support Files/Pods-Buddymon/Pods-Buddymon.release.xcconfig"; sourceTree = "<group>"; };
		A701D25F8DFA3ECD5EBBC4AD /* Pods-Buddymon-BuddymonUITests.debug.xcconfig */ = {isa = PBXFileReference; includeInIndex = 1; lastKnownFileType = text.xcconfig; name = "Pods-Buddymon-BuddymonUITests.debug.xcconfig"; path = "Target Support Files/Pods-Buddymon-BuddymonUITests/Pods-Buddymon-BuddymonUITests.debug.xcconfig"; sourceTree = "<group>"; };
		DF7C913B3CCBD530B98A20A5 /* Pods-BuddymonTests.release.xcconfig */ = {isa = PBXFileReference; includeInIndex = 1; lastKnownFileType = text.xcconfig; name = "Pods-BuddymonTests.release.xcconfig"; path = "Target Support Files/Pods-BuddymonTests/Pods-BuddymonTests.release.xcconfig"; sourceTree = "<group>"; };
/* End PBXFileReference section */

/* Begin PBXFrameworksBuildPhase section */
		1725021825C2B6BF006C85C5 /* Frameworks */ = {
			isa = PBXFrameworksBuildPhase;
			buildActionMask = 2147483647;
			files = (
				10154912278B9A7600E4AE7A /* CoreNetwork.framework in Frameworks */,
				E36141054F3E7415EEE8BE72 /* Pods_Buddymon.framework in Frameworks */,
			);
			runOnlyForDeploymentPostprocessing = 0;
		};
		1725022E25C2B6C0006C85C5 /* Frameworks */ = {
			isa = PBXFrameworksBuildPhase;
			buildActionMask = 2147483647;
			files = (
				2CBDBE9BC490E71174AB365B /* Pods_BuddymonTests.framework in Frameworks */,
			);
			runOnlyForDeploymentPostprocessing = 0;
		};
		1725023925C2B6C0006C85C5 /* Frameworks */ = {
			isa = PBXFrameworksBuildPhase;
			buildActionMask = 2147483647;
			files = (
				9C835CEDD4DA6F5CAD43B63E /* Pods_Buddymon_BuddymonUITests.framework in Frameworks */,
			);
			runOnlyForDeploymentPostprocessing = 0;
		};
/* End PBXFrameworksBuildPhase section */

/* Begin PBXGroup section */
		10444DCA278B776D0087EF3A /* CellsTests */ = {
			isa = PBXGroup;
			children = (
				10444DCB278B77950087EF3A /* PokemonListCellTests.swift */,
				10444DD7278B7EE50087EF3A /* PokemonStatsCellTests.swift */,
			);
			path = CellsTests;
			sourceTree = "<group>";
		};
		10444DCD278B77F40087EF3A /* Mock */ = {
			isa = PBXGroup;
			children = (
				10444DD3278B79E80087EF3A /* PokemonMock.swift */,
				10444DDB278B80490087EF3A /* EasyStatisticsTests.swift */,
			);
			path = Mock;
			sourceTree = "<group>";
		};
		10444DCE278B78150087EF3A /* Extensions */ = {
			isa = PBXGroup;
			children = (
				10444DD1278B78630087EF3A /* ViewError.swift */,
				10444DCF278B78280087EF3A /* UIView.swift */,
			);
			path = Extensions;
			sourceTree = "<group>";
		};
		10444DDD278B82F90087EF3A /* ControllersTests */ = {
			isa = PBXGroup;
			children = (
				10444DDE278B830B0087EF3A /* PokemonListViewControllerTests.swift */,
				1015490A278B88CE00E4AE7A /* PokemonDetailsViewControllerTests.swift */,
			);
			path = ControllersTests;
			sourceTree = "<group>";
		};
		107DC65025C35E93001EACD0 /* Controllers */ = {
			isa = PBXGroup;
			children = (
				107DC6A025C3798E001EACD0 /* PokemonDetails */,
				107DC65125C35E9B001EACD0 /* PokemonList */,
			);
			path = Controllers;
			sourceTree = "<group>";
		};
		107DC65125C35E9B001EACD0 /* PokemonList */ = {
			isa = PBXGroup;
			children = (
				10444CF3278B22E20087EF3A /* PokemonListFactory.swift */,
				107DC65225C35EB4001EACD0 /* PokemonListViewController.swift */,
				107DC65A25C35EC4001EACD0 /* PokemonListCoordinator.swift */,
				10A9712F278B1DE80027583B /* PokemonListViewControllerDelegate.swift */,
			);
			path = PokemonList;
			sourceTree = "<group>";
		};
		107DC66525C3637E001EACD0 /* LifeCycle */ = {
			isa = PBXGroup;
			children = (
				1725021E25C2B6BF006C85C5 /* AppDelegate.swift */,
			);
			path = LifeCycle;
			sourceTree = "<group>";
		};
		107DC67325C363FF001EACD0 /* DataSource */ = {
			isa = PBXGroup;
			children = (
				10A971012789DED70027583B /* CollectionViewDataSource.swift */,
			);
			path = DataSource;
			sourceTree = "<group>";
		};
		107DC67925C36572001EACD0 /* Cells */ = {
			isa = PBXGroup;
			children = (
				10A97131278B1E7D0027583B /* PokemonListCollectionViewCell.swift */,
				10444CF7278B28780087EF3A /* PokemonStatsCollectionViewCell.swift */,
				10444CF9278B43DE0087EF3A /* PokemonImageCollectionViewCell.swift */,
			);
			path = Cells;
			sourceTree = "<group>";
		};
		107DC68225C365EC001EACD0 /* Extensions */ = {
			isa = PBXGroup;
			children = (
				107DC68325C365FF001EACD0 /* UITableViewCell+Extension.swift */,
				107DC69125C36E38001EACD0 /* UIView+Extension.swift */,
				107DC69625C375FC001EACD0 /* UIViewController+Extension.swift */,
				107DC6AB25C37F08001EACD0 /* UIColor+Extension.swift */,
				107DC6B025C382DA001EACD0 /* String+Extension.swift */,
				107DC6B525C385AF001EACD0 /* UIImage+Extension.swift */,
				10A971032789E1550027583B /* UICollectionViewCell+Extension.swift */,
			);
			path = Extensions;
			sourceTree = "<group>";
		};
		107DC6A025C3798E001EACD0 /* PokemonDetails */ = {
			isa = PBXGroup;
			children = (
				107DC6A125C379A7001EACD0 /* PokemonDetailsCoordinator.swift */,
				107DC6A625C379B5001EACD0 /* PokemonDetailsViewController.swift */,
				10A9712D278B1DC60027583B /* PokemonDetailsViewControllerDelegate.swift */,
				10444CF5278B25E60087EF3A /* PokemonDetailsFactory.swift */,
			);
			path = PokemonDetails;
			sourceTree = "<group>";
		};
		10A971052789E3BD0027583B /* Navigation */ = {
			isa = PBXGroup;
			children = (
				10A9710D2789E6860027583B /* Messenger */,
				10A971082789E4390027583B /* Coordinator */,
				10A971062789E3F50027583B /* Navigator.swift */,
				10A9710B2789E6490027583B /* Context.swift */,
				10A971142789E91F0027583B /* BaseViewController.swift */,
				10A971162789E9ED0027583B /* StandardNavigator.swift */,
			);
			path = Navigation;
			sourceTree = "<group>";
		};
		10A971082789E4390027583B /* Coordinator */ = {
			isa = PBXGroup;
			children = (
				10A971092789E4440027583B /* Coordinator.swift */,
				10A971102789E7880027583B /* BaseCoordinator.swift */,
				10A971122789E7D90027583B /* Coordinable.swift */,
			);
			path = Coordinator;
			sourceTree = "<group>";
		};
		10A9710D2789E6860027583B /* Messenger */ = {
			isa = PBXGroup;
			children = (
				10A9710E2789E6900027583B /* Messenger.swift */,
				10A971182789F7CE0027583B /* StandardMessenger.swift */,
				10A9711A2789FA730027583B /* ActivityLoader.swift */,
				10A9711C2789FC5C0027583B /* SystemAlertMessenger.swift */,
			);
			path = Messenger;
			sourceTree = "<group>";
		};
		1725021225C2B6BF006C85C5 = {
			isa = PBXGroup;
			children = (
				1725021D25C2B6BF006C85C5 /* Buddymon */,
				1725023425C2B6C0006C85C5 /* BuddymonTests */,
				1725023F25C2B6C0006C85C5 /* BuddymonUITests */,
				1725021C25C2B6BF006C85C5 /* Products */,
				66369D2DB02F48F3602A9212 /* Pods */,
				B4AB45AF9A94405791CCD15F /* Frameworks */,
			);
			sourceTree = "<group>";
		};
		1725021C25C2B6BF006C85C5 /* Products */ = {
			isa = PBXGroup;
			children = (
				1725021B25C2B6BF006C85C5 /* Buddymon.app */,
				1725023125C2B6C0006C85C5 /* BuddymonTests.xctest */,
				1725023C25C2B6C0006C85C5 /* BuddymonUITests.xctest */,
			);
			name = Products;
			sourceTree = "<group>";
		};
		1725021D25C2B6BF006C85C5 /* Buddymon */ = {
			isa = PBXGroup;
			children = (
				10A971052789E3BD0027583B /* Navigation */,
				107DC68225C365EC001EACD0 /* Extensions */,
				107DC66525C3637E001EACD0 /* LifeCycle */,
				107DC67325C363FF001EACD0 /* DataSource */,
				107DC65025C35E93001EACD0 /* Controllers */,
				107DC67925C36572001EACD0 /* Cells */,
				1725022225C2B6BF006C85C5 /* ViewController.swift */,
				1725022725C2B6C0006C85C5 /* Assets.xcassets */,
				1725022925C2B6C0006C85C5 /* LaunchScreen.storyboard */,
				1725022C25C2B6C0006C85C5 /* Info.plist */,
			);
			path = Buddymon;
			sourceTree = "<group>";
		};
		1725023425C2B6C0006C85C5 /* BuddymonTests */ = {
			isa = PBXGroup;
			children = (
				10444DCE278B78150087EF3A /* Extensions */,
				10444DCD278B77F40087EF3A /* Mock */,
				10444DDD278B82F90087EF3A /* ControllersTests */,
				10444DCA278B776D0087EF3A /* CellsTests */,
				1725023525C2B6C0006C85C5 /* BuddymonTests.swift */,
				1725023725C2B6C0006C85C5 /* Info.plist */,
			);
			path = BuddymonTests;
			sourceTree = "<group>";
		};
		1725023F25C2B6C0006C85C5 /* BuddymonUITests */ = {
			isa = PBXGroup;
			children = (
				1725024025C2B6C0006C85C5 /* BuddymonUITests.swift */,
				1725024225C2B6C0006C85C5 /* Info.plist */,
			);
			path = BuddymonUITests;
			sourceTree = "<group>";
		};
		66369D2DB02F48F3602A9212 /* Pods */ = {
			isa = PBXGroup;
			children = (
				6AA1F2AF5D17CAD9433CCBFB /* Pods-Buddymon.debug.xcconfig */,
				99B2557AFAB52D8A8DA54CE9 /* Pods-Buddymon.release.xcconfig */,
				A701D25F8DFA3ECD5EBBC4AD /* Pods-Buddymon-BuddymonUITests.debug.xcconfig */,
				86E31EE6D1DDD25A5F8EFB68 /* Pods-Buddymon-BuddymonUITests.release.xcconfig */,
				09D416B52EC9248CD31529D2 /* Pods-BuddymonTests.debug.xcconfig */,
				DF7C913B3CCBD530B98A20A5 /* Pods-BuddymonTests.release.xcconfig */,
			);
			path = Pods;
			sourceTree = "<group>";
		};
		B4AB45AF9A94405791CCD15F /* Frameworks */ = {
			isa = PBXGroup;
			children = (
				10154911278B9A7600E4AE7A /* CoreNetwork.framework */,
				10444D72278B4AB20087EF3A /* CoreNetwork.framework */,
				5C12FBDEE9ED0E6CF95F63B4 /* Pods_Buddymon.framework */,
				61BA108A2AB76467A2906D6D /* Pods_Buddymon_BuddymonUITests.framework */,
				8041F38CD7014FB686B8653B /* Pods_BuddymonTests.framework */,
			);
			name = Frameworks;
			sourceTree = "<group>";
		};
/* End PBXGroup section */

/* Begin PBXNativeTarget section */
		1725021A25C2B6BF006C85C5 /* Buddymon */ = {
			isa = PBXNativeTarget;
			buildConfigurationList = 1725024525C2B6C0006C85C5 /* Build configuration list for PBXNativeTarget "Buddymon" */;
			buildPhases = (
				075397F4A507BF047F72A2AE /* [CP] Check Pods Manifest.lock */,
				1725021725C2B6BF006C85C5 /* Sources */,
				1725021825C2B6BF006C85C5 /* Frameworks */,
				1725021925C2B6BF006C85C5 /* Resources */,
				99366262158252830FE6517E /* [CP] Embed Pods Frameworks */,
				10444DA3278B4D760087EF3A /* Embed Frameworks */,
			);
			buildRules = (
			);
			dependencies = (
			);
			name = Buddymon;
			productName = Buddymon;
			productReference = 1725021B25C2B6BF006C85C5 /* Buddymon.app */;
			productType = "com.apple.product-type.application";
		};
		1725023025C2B6C0006C85C5 /* BuddymonTests */ = {
			isa = PBXNativeTarget;
			buildConfigurationList = 1725024825C2B6C0006C85C5 /* Build configuration list for PBXNativeTarget "BuddymonTests" */;
			buildPhases = (
				9408B6EA3E2EEFCDB474EC75 /* [CP] Check Pods Manifest.lock */,
				1725022D25C2B6C0006C85C5 /* Sources */,
				1725022E25C2B6C0006C85C5 /* Frameworks */,
				1725022F25C2B6C0006C85C5 /* Resources */,
			);
			buildRules = (
			);
			dependencies = (
				1725023325C2B6C0006C85C5 /* PBXTargetDependency */,
			);
			name = BuddymonTests;
			productName = BuddymonTests;
			productReference = 1725023125C2B6C0006C85C5 /* BuddymonTests.xctest */;
			productType = "com.apple.product-type.bundle.unit-test";
		};
		1725023B25C2B6C0006C85C5 /* BuddymonUITests */ = {
			isa = PBXNativeTarget;
			buildConfigurationList = 1725024B25C2B6C0006C85C5 /* Build configuration list for PBXNativeTarget "BuddymonUITests" */;
			buildPhases = (
				654949A0032301AED178FB7A /* [CP] Check Pods Manifest.lock */,
				1725023825C2B6C0006C85C5 /* Sources */,
				1725023925C2B6C0006C85C5 /* Frameworks */,
				1725023A25C2B6C0006C85C5 /* Resources */,
				6CD86A0315CE1A3531A5DEBD /* [CP] Embed Pods Frameworks */,
			);
			buildRules = (
			);
			dependencies = (
				1725023E25C2B6C0006C85C5 /* PBXTargetDependency */,
			);
			name = BuddymonUITests;
			productName = BuddymonUITests;
			productReference = 1725023C25C2B6C0006C85C5 /* BuddymonUITests.xctest */;
			productType = "com.apple.product-type.bundle.ui-testing";
		};
/* End PBXNativeTarget section */

/* Begin PBXProject section */
		1725021325C2B6BF006C85C5 /* Project object */ = {
			isa = PBXProject;
			attributes = {
				LastSwiftUpdateCheck = 1230;
				LastUpgradeCheck = 1230;
				TargetAttributes = {
					1725021A25C2B6BF006C85C5 = {
						CreatedOnToolsVersion = 12.3;
					};
					1725023025C2B6C0006C85C5 = {
						CreatedOnToolsVersion = 12.3;
						TestTargetID = 1725021A25C2B6BF006C85C5;
					};
					1725023B25C2B6C0006C85C5 = {
						CreatedOnToolsVersion = 12.3;
						TestTargetID = 1725021A25C2B6BF006C85C5;
					};
				};
			};
			buildConfigurationList = 1725021625C2B6BF006C85C5 /* Build configuration list for PBXProject "Buddymon" */;
			compatibilityVersion = "Xcode 9.3";
			developmentRegion = en;
			hasScannedForEncodings = 0;
			knownRegions = (
				en,
				Base,
			);
			mainGroup = 1725021225C2B6BF006C85C5;
			productRefGroup = 1725021C25C2B6BF006C85C5 /* Products */;
			projectDirPath = "";
			projectRoot = "";
			targets = (
				1725021A25C2B6BF006C85C5 /* Buddymon */,
				1725023025C2B6C0006C85C5 /* BuddymonTests */,
				1725023B25C2B6C0006C85C5 /* BuddymonUITests */,
			);
		};
/* End PBXProject section */

/* Begin PBXResourcesBuildPhase section */
		1725021925C2B6BF006C85C5 /* Resources */ = {
			isa = PBXResourcesBuildPhase;
			buildActionMask = 2147483647;
			files = (
				1725022B25C2B6C0006C85C5 /* LaunchScreen.storyboard in Resources */,
				1725022825C2B6C0006C85C5 /* Assets.xcassets in Resources */,
			);
			runOnlyForDeploymentPostprocessing = 0;
		};
		1725022F25C2B6C0006C85C5 /* Resources */ = {
			isa = PBXResourcesBuildPhase;
			buildActionMask = 2147483647;
			files = (
			);
			runOnlyForDeploymentPostprocessing = 0;
		};
		1725023A25C2B6C0006C85C5 /* Resources */ = {
			isa = PBXResourcesBuildPhase;
			buildActionMask = 2147483647;
			files = (
			);
			runOnlyForDeploymentPostprocessing = 0;
		};
/* End PBXResourcesBuildPhase section */

/* Begin PBXShellScriptBuildPhase section */
		075397F4A507BF047F72A2AE /* [CP] Check Pods Manifest.lock */ = {
			isa = PBXShellScriptBuildPhase;
			buildActionMask = 2147483647;
			files = (
			);
			inputFileListPaths = (
			);
			inputPaths = (
				"${PODS_PODFILE_DIR_PATH}/Podfile.lock",
				"${PODS_ROOT}/Manifest.lock",
			);
			name = "[CP] Check Pods Manifest.lock";
			outputFileListPaths = (
			);
			outputPaths = (
				"$(DERIVED_FILE_DIR)/Pods-Buddymon-checkManifestLockResult.txt",
			);
			runOnlyForDeploymentPostprocessing = 0;
			shellPath = /bin/sh;
			shellScript = "diff \"${PODS_PODFILE_DIR_PATH}/Podfile.lock\" \"${PODS_ROOT}/Manifest.lock\" > /dev/null\nif [ $? != 0 ] ; then\n    # print error to STDERR\n    echo \"error: The sandbox is not in sync with the Podfile.lock. Run 'pod install' or update your CocoaPods installation.\" >&2\n    exit 1\nfi\n# This output is used by Xcode 'outputs' to avoid re-running this script phase.\necho \"SUCCESS\" > \"${SCRIPT_OUTPUT_FILE_0}\"\n";
			showEnvVarsInLog = 0;
		};
		654949A0032301AED178FB7A /* [CP] Check Pods Manifest.lock */ = {
			isa = PBXShellScriptBuildPhase;
			buildActionMask = 2147483647;
			files = (
			);
			inputFileListPaths = (
			);
			inputPaths = (
				"${PODS_PODFILE_DIR_PATH}/Podfile.lock",
				"${PODS_ROOT}/Manifest.lock",
			);
			name = "[CP] Check Pods Manifest.lock";
			outputFileListPaths = (
			);
			outputPaths = (
				"$(DERIVED_FILE_DIR)/Pods-Buddymon-BuddymonUITests-checkManifestLockResult.txt",
			);
			runOnlyForDeploymentPostprocessing = 0;
			shellPath = /bin/sh;
			shellScript = "diff \"${PODS_PODFILE_DIR_PATH}/Podfile.lock\" \"${PODS_ROOT}/Manifest.lock\" > /dev/null\nif [ $? != 0 ] ; then\n    # print error to STDERR\n    echo \"error: The sandbox is not in sync with the Podfile.lock. Run 'pod install' or update your CocoaPods installation.\" >&2\n    exit 1\nfi\n# This output is used by Xcode 'outputs' to avoid re-running this script phase.\necho \"SUCCESS\" > \"${SCRIPT_OUTPUT_FILE_0}\"\n";
			showEnvVarsInLog = 0;
		};
		6CD86A0315CE1A3531A5DEBD /* [CP] Embed Pods Frameworks */ = {
			isa = PBXShellScriptBuildPhase;
			buildActionMask = 2147483647;
			files = (
			);
			inputFileListPaths = (
				"${PODS_ROOT}/Target Support Files/Pods-Buddymon-BuddymonUITests/Pods-Buddymon-BuddymonUITests-frameworks-${CONFIGURATION}-input-files.xcfilelist",
			);
			name = "[CP] Embed Pods Frameworks";
			outputFileListPaths = (
				"${PODS_ROOT}/Target Support Files/Pods-Buddymon-BuddymonUITests/Pods-Buddymon-BuddymonUITests-frameworks-${CONFIGURATION}-output-files.xcfilelist",
			);
			runOnlyForDeploymentPostprocessing = 0;
			shellPath = /bin/sh;
			shellScript = "\"${PODS_ROOT}/Target Support Files/Pods-Buddymon-BuddymonUITests/Pods-Buddymon-BuddymonUITests-frameworks.sh\"\n";
			showEnvVarsInLog = 0;
		};
		9408B6EA3E2EEFCDB474EC75 /* [CP] Check Pods Manifest.lock */ = {
			isa = PBXShellScriptBuildPhase;
			buildActionMask = 2147483647;
			files = (
			);
			inputFileListPaths = (
			);
			inputPaths = (
				"${PODS_PODFILE_DIR_PATH}/Podfile.lock",
				"${PODS_ROOT}/Manifest.lock",
			);
			name = "[CP] Check Pods Manifest.lock";
			outputFileListPaths = (
			);
			outputPaths = (
				"$(DERIVED_FILE_DIR)/Pods-BuddymonTests-checkManifestLockResult.txt",
			);
			runOnlyForDeploymentPostprocessing = 0;
			shellPath = /bin/sh;
			shellScript = "diff \"${PODS_PODFILE_DIR_PATH}/Podfile.lock\" \"${PODS_ROOT}/Manifest.lock\" > /dev/null\nif [ $? != 0 ] ; then\n    # print error to STDERR\n    echo \"error: The sandbox is not in sync with the Podfile.lock. Run 'pod install' or update your CocoaPods installation.\" >&2\n    exit 1\nfi\n# This output is used by Xcode 'outputs' to avoid re-running this script phase.\necho \"SUCCESS\" > \"${SCRIPT_OUTPUT_FILE_0}\"\n";
			showEnvVarsInLog = 0;
		};
		99366262158252830FE6517E /* [CP] Embed Pods Frameworks */ = {
			isa = PBXShellScriptBuildPhase;
			buildActionMask = 2147483647;
			files = (
			);
			inputFileListPaths = (
				"${PODS_ROOT}/Target Support Files/Pods-Buddymon/Pods-Buddymon-frameworks-${CONFIGURATION}-input-files.xcfilelist",
			);
			name = "[CP] Embed Pods Frameworks";
			outputFileListPaths = (
				"${PODS_ROOT}/Target Support Files/Pods-Buddymon/Pods-Buddymon-frameworks-${CONFIGURATION}-output-files.xcfilelist",
			);
			runOnlyForDeploymentPostprocessing = 0;
			shellPath = /bin/sh;
			shellScript = "\"${PODS_ROOT}/Target Support Files/Pods-Buddymon/Pods-Buddymon-frameworks.sh\"\n";
			showEnvVarsInLog = 0;
		};
/* End PBXShellScriptBuildPhase section */

/* Begin PBXSourcesBuildPhase section */
		1725021725C2B6BF006C85C5 /* Sources */ = {
			isa = PBXSourcesBuildPhase;
			buildActionMask = 2147483647;
			files = (
				107DC6B125C382DA001EACD0 /* String+Extension.swift in Sources */,
				10A971072789E3F50027583B /* Navigator.swift in Sources */,
				10A97132278B1E7D0027583B /* PokemonListCollectionViewCell.swift in Sources */,
				10A9711D2789FC5C0027583B /* SystemAlertMessenger.swift in Sources */,
				107DC69725C375FC001EACD0 /* UIViewController+Extension.swift in Sources */,
				107DC68425C365FF001EACD0 /* UITableViewCell+Extension.swift in Sources */,
				10A971112789E7880027583B /* BaseCoordinator.swift in Sources */,
				10A971172789E9ED0027583B /* StandardNavigator.swift in Sources */,
				10A97130278B1DE80027583B /* PokemonListViewControllerDelegate.swift in Sources */,
				1725022325C2B6BF006C85C5 /* ViewController.swift in Sources */,
				10A971192789F7CE0027583B /* StandardMessenger.swift in Sources */,
				10A971132789E7D90027583B /* Coordinable.swift in Sources */,
				107DC65B25C35EC4001EACD0 /* PokemonListCoordinator.swift in Sources */,
				10A971152789E91F0027583B /* BaseViewController.swift in Sources */,
				107DC6AC25C37F08001EACD0 /* UIColor+Extension.swift in Sources */,
				10A9711B2789FA730027583B /* ActivityLoader.swift in Sources */,
				1725021F25C2B6BF006C85C5 /* AppDelegate.swift in Sources */,
				107DC6B625C385AF001EACD0 /* UIImage+Extension.swift in Sources */,
				10A971022789DED70027583B /* CollectionViewDataSource.swift in Sources */,
				10A9710C2789E6490027583B /* Context.swift in Sources */,
				107DC69225C36E38001EACD0 /* UIView+Extension.swift in Sources */,
				10A9712E278B1DC60027583B /* PokemonDetailsViewControllerDelegate.swift in Sources */,
				10A9710F2789E6900027583B /* Messenger.swift in Sources */,
				107DC6A725C379B5001EACD0 /* PokemonDetailsViewController.swift in Sources */,
				10A971042789E1550027583B /* UICollectionViewCell+Extension.swift in Sources */,
				107DC65325C35EB4001EACD0 /* PokemonListViewController.swift in Sources */,
				107DC6A225C379A7001EACD0 /* PokemonDetailsCoordinator.swift in Sources */,
				10444CF4278B22E20087EF3A /* PokemonListFactory.swift in Sources */,
				10444CFA278B43DE0087EF3A /* PokemonImageCollectionViewCell.swift in Sources */,
				10444CF6278B25E60087EF3A /* PokemonDetailsFactory.swift in Sources */,
				10A9710A2789E4440027583B /* Coordinator.swift in Sources */,
				10444CF8278B28780087EF3A /* PokemonStatsCollectionViewCell.swift in Sources */,
			);
			runOnlyForDeploymentPostprocessing = 0;
		};
		1725022D25C2B6C0006C85C5 /* Sources */ = {
			isa = PBXSourcesBuildPhase;
			buildActionMask = 2147483647;
			files = (
				1725023625C2B6C0006C85C5 /* BuddymonTests.swift in Sources */,
				10444DD0278B78280087EF3A /* UIView.swift in Sources */,
				10444DDC278B80490087EF3A /* EasyStatisticsTests.swift in Sources */,
				1015490B278B88CE00E4AE7A /* PokemonDetailsViewControllerTests.swift in Sources */,
				10444DCC278B77950087EF3A /* PokemonListCellTests.swift in Sources */,
				10444DD2278B78630087EF3A /* ViewError.swift in Sources */,
				10444DD4278B79E80087EF3A /* PokemonMock.swift in Sources */,
				10444DDF278B830B0087EF3A /* PokemonListViewControllerTests.swift in Sources */,
				10444DD8278B7EE50087EF3A /* PokemonStatsCellTests.swift in Sources */,
			);
			runOnlyForDeploymentPostprocessing = 0;
		};
		1725023825C2B6C0006C85C5 /* Sources */ = {
			isa = PBXSourcesBuildPhase;
			buildActionMask = 2147483647;
			files = (
				1725024125C2B6C0006C85C5 /* BuddymonUITests.swift in Sources */,
			);
			runOnlyForDeploymentPostprocessing = 0;
		};
/* End PBXSourcesBuildPhase section */

/* Begin PBXTargetDependency section */
		1725023325C2B6C0006C85C5 /* PBXTargetDependency */ = {
			isa = PBXTargetDependency;
			target = 1725021A25C2B6BF006C85C5 /* Buddymon */;
			targetProxy = 1725023225C2B6C0006C85C5 /* PBXContainerItemProxy */;
		};
		1725023E25C2B6C0006C85C5 /* PBXTargetDependency */ = {
			isa = PBXTargetDependency;
			target = 1725021A25C2B6BF006C85C5 /* Buddymon */;
			targetProxy = 1725023D25C2B6C0006C85C5 /* PBXContainerItemProxy */;
		};
/* End PBXTargetDependency section */

/* Begin PBXVariantGroup section */
		1725022925C2B6C0006C85C5 /* LaunchScreen.storyboard */ = {
			isa = PBXVariantGroup;
			children = (
				1725022A25C2B6C0006C85C5 /* Base */,
			);
			name = LaunchScreen.storyboard;
			sourceTree = "<group>";
		};
/* End PBXVariantGroup section */

/* Begin XCBuildConfiguration section */
		1725024325C2B6C0006C85C5 /* Debug */ = {
			isa = XCBuildConfiguration;
			buildSettings = {
				ALWAYS_SEARCH_USER_PATHS = NO;
				CLANG_ANALYZER_NONNULL = YES;
				CLANG_ANALYZER_NUMBER_OBJECT_CONVERSION = YES_AGGRESSIVE;
				CLANG_CXX_LANGUAGE_STANDARD = "gnu++14";
				CLANG_CXX_LIBRARY = "libc++";
				CLANG_ENABLE_MODULES = YES;
				CLANG_ENABLE_OBJC_ARC = YES;
				CLANG_ENABLE_OBJC_WEAK = YES;
				CLANG_WARN_BLOCK_CAPTURE_AUTORELEASING = YES;
				CLANG_WARN_BOOL_CONVERSION = YES;
				CLANG_WARN_COMMA = YES;
				CLANG_WARN_CONSTANT_CONVERSION = YES;
				CLANG_WARN_DEPRECATED_OBJC_IMPLEMENTATIONS = YES;
				CLANG_WARN_DIRECT_OBJC_ISA_USAGE = YES_ERROR;
				CLANG_WARN_DOCUMENTATION_COMMENTS = YES;
				CLANG_WARN_EMPTY_BODY = YES;
				CLANG_WARN_ENUM_CONVERSION = YES;
				CLANG_WARN_INFINITE_RECURSION = YES;
				CLANG_WARN_INT_CONVERSION = YES;
				CLANG_WARN_NON_LITERAL_NULL_CONVERSION = YES;
				CLANG_WARN_OBJC_IMPLICIT_RETAIN_SELF = YES;
				CLANG_WARN_OBJC_LITERAL_CONVERSION = YES;
				CLANG_WARN_OBJC_ROOT_CLASS = YES_ERROR;
				CLANG_WARN_QUOTED_INCLUDE_IN_FRAMEWORK_HEADER = YES;
				CLANG_WARN_RANGE_LOOP_ANALYSIS = YES;
				CLANG_WARN_STRICT_PROTOTYPES = YES;
				CLANG_WARN_SUSPICIOUS_MOVE = YES;
				CLANG_WARN_UNGUARDED_AVAILABILITY = YES_AGGRESSIVE;
				CLANG_WARN_UNREACHABLE_CODE = YES;
				CLANG_WARN__DUPLICATE_METHOD_MATCH = YES;
				COPY_PHASE_STRIP = NO;
				DEBUG_INFORMATION_FORMAT = dwarf;
				ENABLE_STRICT_OBJC_MSGSEND = YES;
				ENABLE_TESTABILITY = YES;
				GCC_C_LANGUAGE_STANDARD = gnu11;
				GCC_DYNAMIC_NO_PIC = NO;
				GCC_NO_COMMON_BLOCKS = YES;
				GCC_OPTIMIZATION_LEVEL = 0;
				GCC_PREPROCESSOR_DEFINITIONS = (
					"DEBUG=1",
					"$(inherited)",
				);
				GCC_WARN_64_TO_32_BIT_CONVERSION = YES;
				GCC_WARN_ABOUT_RETURN_TYPE = YES_ERROR;
				GCC_WARN_UNDECLARED_SELECTOR = YES;
				GCC_WARN_UNINITIALIZED_AUTOS = YES_AGGRESSIVE;
				GCC_WARN_UNUSED_FUNCTION = YES;
				GCC_WARN_UNUSED_VARIABLE = YES;
				IPHONEOS_DEPLOYMENT_TARGET = 11.0;
				MTL_ENABLE_DEBUG_INFO = INCLUDE_SOURCE;
				MTL_FAST_MATH = YES;
				ONLY_ACTIVE_ARCH = YES;
				SDKROOT = iphoneos;
				SWIFT_ACTIVE_COMPILATION_CONDITIONS = DEBUG;
				SWIFT_OPTIMIZATION_LEVEL = "-Onone";
			};
			name = Debug;
		};
		1725024425C2B6C0006C85C5 /* Release */ = {
			isa = XCBuildConfiguration;
			buildSettings = {
				ALWAYS_SEARCH_USER_PATHS = NO;
				CLANG_ANALYZER_NONNULL = YES;
				CLANG_ANALYZER_NUMBER_OBJECT_CONVERSION = YES_AGGRESSIVE;
				CLANG_CXX_LANGUAGE_STANDARD = "gnu++14";
				CLANG_CXX_LIBRARY = "libc++";
				CLANG_ENABLE_MODULES = YES;
				CLANG_ENABLE_OBJC_ARC = YES;
				CLANG_ENABLE_OBJC_WEAK = YES;
				CLANG_WARN_BLOCK_CAPTURE_AUTORELEASING = YES;
				CLANG_WARN_BOOL_CONVERSION = YES;
				CLANG_WARN_COMMA = YES;
				CLANG_WARN_CONSTANT_CONVERSION = YES;
				CLANG_WARN_DEPRECATED_OBJC_IMPLEMENTATIONS = YES;
				CLANG_WARN_DIRECT_OBJC_ISA_USAGE = YES_ERROR;
				CLANG_WARN_DOCUMENTATION_COMMENTS = YES;
				CLANG_WARN_EMPTY_BODY = YES;
				CLANG_WARN_ENUM_CONVERSION = YES;
				CLANG_WARN_INFINITE_RECURSION = YES;
				CLANG_WARN_INT_CONVERSION = YES;
				CLANG_WARN_NON_LITERAL_NULL_CONVERSION = YES;
				CLANG_WARN_OBJC_IMPLICIT_RETAIN_SELF = YES;
				CLANG_WARN_OBJC_LITERAL_CONVERSION = YES;
				CLANG_WARN_OBJC_ROOT_CLASS = YES_ERROR;
				CLANG_WARN_QUOTED_INCLUDE_IN_FRAMEWORK_HEADER = YES;
				CLANG_WARN_RANGE_LOOP_ANALYSIS = YES;
				CLANG_WARN_STRICT_PROTOTYPES = YES;
				CLANG_WARN_SUSPICIOUS_MOVE = YES;
				CLANG_WARN_UNGUARDED_AVAILABILITY = YES_AGGRESSIVE;
				CLANG_WARN_UNREACHABLE_CODE = YES;
				CLANG_WARN__DUPLICATE_METHOD_MATCH = YES;
				COPY_PHASE_STRIP = NO;
				DEBUG_INFORMATION_FORMAT = "dwarf-with-dsym";
				ENABLE_NS_ASSERTIONS = NO;
				ENABLE_STRICT_OBJC_MSGSEND = YES;
				GCC_C_LANGUAGE_STANDARD = gnu11;
				GCC_NO_COMMON_BLOCKS = YES;
				GCC_WARN_64_TO_32_BIT_CONVERSION = YES;
				GCC_WARN_ABOUT_RETURN_TYPE = YES_ERROR;
				GCC_WARN_UNDECLARED_SELECTOR = YES;
				GCC_WARN_UNINITIALIZED_AUTOS = YES_AGGRESSIVE;
				GCC_WARN_UNUSED_FUNCTION = YES;
				GCC_WARN_UNUSED_VARIABLE = YES;
				IPHONEOS_DEPLOYMENT_TARGET = 11.0;
				MTL_ENABLE_DEBUG_INFO = NO;
				MTL_FAST_MATH = YES;
				SDKROOT = iphoneos;
				SWIFT_COMPILATION_MODE = wholemodule;
				SWIFT_OPTIMIZATION_LEVEL = "-O";
				VALIDATE_PRODUCT = YES;
			};
			name = Release;
		};
		1725024625C2B6C0006C85C5 /* Debug */ = {
			isa = XCBuildConfiguration;
			baseConfigurationReference = 6AA1F2AF5D17CAD9433CCBFB /* Pods-Buddymon.debug.xcconfig */;
			buildSettings = {
				ASSETCATALOG_COMPILER_APPICON_NAME = AppIcon;
				ASSETCATALOG_COMPILER_GLOBAL_ACCENT_COLOR_NAME = AccentColor;
				ASSETCATALOG_COMPILER_INCLUDE_ALL_APPICON_ASSETS = YES;
				CODE_SIGN_STYLE = Automatic;
				DEVELOPMENT_TEAM = 877TVCMM54;
				INFOPLIST_FILE = Buddymon/Info.plist;
				LD_RUNPATH_SEARCH_PATHS = (
					"$(inherited)",
					"@executable_path/Frameworks",
				);
				PRODUCT_BUNDLE_IDENTIFIER = emmanuele.Buddymon;
				PRODUCT_NAME = "$(TARGET_NAME)";
				SWIFT_VERSION = 5.0;
				TARGETED_DEVICE_FAMILY = "1,2";
			};
			name = Debug;
		};
		1725024725C2B6C0006C85C5 /* Release */ = {
			isa = XCBuildConfiguration;
			baseConfigurationReference = 99B2557AFAB52D8A8DA54CE9 /* Pods-Buddymon.release.xcconfig */;
			buildSettings = {
				ASSETCATALOG_COMPILER_APPICON_NAME = AppIcon;
				ASSETCATALOG_COMPILER_GLOBAL_ACCENT_COLOR_NAME = AccentColor;
				ASSETCATALOG_COMPILER_INCLUDE_ALL_APPICON_ASSETS = YES;
				CODE_SIGN_STYLE = Automatic;
				DEVELOPMENT_TEAM = 877TVCMM54;
				INFOPLIST_FILE = Buddymon/Info.plist;
				LD_RUNPATH_SEARCH_PATHS = (
					"$(inherited)",
					"@executable_path/Frameworks",
				);
				PRODUCT_BUNDLE_IDENTIFIER = emmanuele.Buddymon;
				PRODUCT_NAME = "$(TARGET_NAME)";
				SWIFT_VERSION = 5.0;
				TARGETED_DEVICE_FAMILY = "1,2";
			};
			name = Release;
		};
		1725024925C2B6C0006C85C5 /* Debug */ = {
			isa = XCBuildConfiguration;
			baseConfigurationReference = 09D416B52EC9248CD31529D2 /* Pods-BuddymonTests.debug.xcconfig */;
			buildSettings = {
				ALWAYS_EMBED_SWIFT_STANDARD_LIBRARIES = YES;
				BUNDLE_LOADER = "$(TEST_HOST)";
				CODE_SIGN_STYLE = Automatic;
				DEVELOPMENT_TEAM = 877TVCMM54;
				INFOPLIST_FILE = BuddymonTests/Info.plist;
				IPHONEOS_DEPLOYMENT_TARGET = 14.3;
				LD_RUNPATH_SEARCH_PATHS = (
					"$(inherited)",
					"@executable_path/Frameworks",
					"@loader_path/Frameworks",
				);
				PRODUCT_BUNDLE_IDENTIFIER = emmanuele.BuddymonTests;
				PRODUCT_NAME = "$(TARGET_NAME)";
				SWIFT_VERSION = 5.0;
				TARGETED_DEVICE_FAMILY = "1,2";
				TEST_HOST = "$(BUILT_PRODUCTS_DIR)/Buddymon.app/Buddymon";
			};
			name = Debug;
		};
		1725024A25C2B6C0006C85C5 /* Release */ = {
			isa = XCBuildConfiguration;
			baseConfigurationReference = DF7C913B3CCBD530B98A20A5 /* Pods-BuddymonTests.release.xcconfig */;
			buildSettings = {
				ALWAYS_EMBED_SWIFT_STANDARD_LIBRARIES = YES;
				BUNDLE_LOADER = "$(TEST_HOST)";
				CODE_SIGN_STYLE = Automatic;
				DEVELOPMENT_TEAM = 877TVCMM54;
				INFOPLIST_FILE = BuddymonTests/Info.plist;
				IPHONEOS_DEPLOYMENT_TARGET = 14.3;
				LD_RUNPATH_SEARCH_PATHS = (
					"$(inherited)",
					"@executable_path/Frameworks",
					"@loader_path/Frameworks",
				);
				PRODUCT_BUNDLE_IDENTIFIER = emmanuele.BuddymonTests;
				PRODUCT_NAME = "$(TARGET_NAME)";
				SWIFT_VERSION = 5.0;
				TARGETED_DEVICE_FAMILY = "1,2";
				TEST_HOST = "$(BUILT_PRODUCTS_DIR)/Buddymon.app/Buddymon";
			};
			name = Release;
		};
		1725024C25C2B6C0006C85C5 /* Debug */ = {
			isa = XCBuildConfiguration;
			baseConfigurationReference = A701D25F8DFA3ECD5EBBC4AD /* Pods-Buddymon-BuddymonUITests.debug.xcconfig */;
			buildSettings = {
				ALWAYS_EMBED_SWIFT_STANDARD_LIBRARIES = YES;
				CODE_SIGN_STYLE = Automatic;
				DEVELOPMENT_TEAM = 877TVCMM54;
				INFOPLIST_FILE = BuddymonUITests/Info.plist;
				LD_RUNPATH_SEARCH_PATHS = (
					"$(inherited)",
					"@executable_path/Frameworks",
					"@loader_path/Frameworks",
				);
				PRODUCT_BUNDLE_IDENTIFIER = emmanuele.BuddymonUITests;
				PRODUCT_NAME = "$(TARGET_NAME)";
				SWIFT_VERSION = 5.0;
				TARGETED_DEVICE_FAMILY = "1,2";
				TEST_TARGET_NAME = Buddymon;
			};
			name = Debug;
		};
		1725024D25C2B6C0006C85C5 /* Release */ = {
			isa = XCBuildConfiguration;
			baseConfigurationReference = 86E31EE6D1DDD25A5F8EFB68 /* Pods-Buddymon-BuddymonUITests.release.xcconfig */;
			buildSettings = {
				ALWAYS_EMBED_SWIFT_STANDARD_LIBRARIES = YES;
				CODE_SIGN_STYLE = Automatic;
				DEVELOPMENT_TEAM = 877TVCMM54;
				INFOPLIST_FILE = BuddymonUITests/Info.plist;
				LD_RUNPATH_SEARCH_PATHS = (
					"$(inherited)",
					"@executable_path/Frameworks",
					"@loader_path/Frameworks",
				);
				PRODUCT_BUNDLE_IDENTIFIER = emmanuele.BuddymonUITests;
				PRODUCT_NAME = "$(TARGET_NAME)";
				SWIFT_VERSION = 5.0;
				TARGETED_DEVICE_FAMILY = "1,2";
				TEST_TARGET_NAME = Buddymon;
			};
			name = Release;
		};
/* End XCBuildConfiguration section */

/* Begin XCConfigurationList section */
		1725021625C2B6BF006C85C5 /* Build configuration list for PBXProject "Buddymon" */ = {
			isa = XCConfigurationList;
			buildConfigurations = (
				1725024325C2B6C0006C85C5 /* Debug */,
				1725024425C2B6C0006C85C5 /* Release */,
			);
			defaultConfigurationIsVisible = 0;
			defaultConfigurationName = Release;
		};
		1725024525C2B6C0006C85C5 /* Build configuration list for PBXNativeTarget "Buddymon" */ = {
			isa = XCConfigurationList;
			buildConfigurations = (
				1725024625C2B6C0006C85C5 /* Debug */,
				1725024725C2B6C0006C85C5 /* Release */,
			);
			defaultConfigurationIsVisible = 0;
			defaultConfigurationName = Release;
		};
		1725024825C2B6C0006C85C5 /* Build configuration list for PBXNativeTarget "BuddymonTests" */ = {
			isa = XCConfigurationList;
			buildConfigurations = (
				1725024925C2B6C0006C85C5 /* Debug */,
				1725024A25C2B6C0006C85C5 /* Release */,
			);
			defaultConfigurationIsVisible = 0;
			defaultConfigurationName = Release;
		};
		1725024B25C2B6C0006C85C5 /* Build configuration list for PBXNativeTarget "BuddymonUITests" */ = {
			isa = XCConfigurationList;
			buildConfigurations = (
				1725024C25C2B6C0006C85C5 /* Debug */,
				1725024D25C2B6C0006C85C5 /* Release */,
			);
			defaultConfigurationIsVisible = 0;
			defaultConfigurationName = Release;
		};
/* End XCConfigurationList section */
	};
	rootObject = 1725021325C2B6BF006C85C5 /* Project object */;
}
